
Microsoft Visual Studio Solution File, Format Version 12.00
# Visual Studio Version 17
VisualStudioVersion = 17.2.32602.215
MinimumVisualStudioVersion = 10.0.40219.1
Project("{FAE04EC0-301F-11D3-BF4B-00C04F79EFBC}") = "InterviewQueston1", "InterviewQueston1\InterviewQueston1.csproj", "{C6F5A7F7-6ABA-453F-A5D8-336F73A1D7F1}"
EndProject
Project("{FAE04EC0-301F-11D3-BF4B-00C04F79EFBC}") = "InterviewQuestion2", "InterviewQuestion2\InterviewQuestion2.csproj", "{4F155625-E957-4097-A4B4-AAD5AACB1E5C}"
EndProject
Project("{FAE04EC0-301F-11D3-BF4B-00C04F79EFBC}") = "InterviewQuestion3", "InterviewQuestion3\InterviewQuestion3.csproj", "{6603C200-EA61-416A-B8DA-485C6410B7E2}"
EndProject
Project("{FAE04EC0-301F-11D3-BF4B-00C04F79EFBC}") = "InterviewQuestion4", "InterviewQuestion4\InterviewQuestion4.csproj", "{70702624-B2FF-439F-8D8C-CFF41444AAC7}"
EndProject
Project("{FAE04EC0-301F-11D3-BF4B-00C04F79EFBC}") = "InterviewQuestion5", "InterviewQuestion5\InterviewQuestion5.csproj", "{13FA1502-73E4-41CB-9BED-A1A81C51C28E}"
EndProject
Global
	GlobalSection(SolutionConfigurationPlatforms) = preSolution
		Debug|Any CPU = Debug|Any CPU
		Release|Any CPU = Release|Any CPU
	EndGlobalSection
	GlobalSection(ProjectConfigurationPlatforms) = postSolution
		{C6F5A7F7-6ABA-453F-A5D8-336F73A1D7F1}.Debug|Any CPU.ActiveCfg = Debug|Any CPU
		{C6F5A7F7-6ABA-453F-A5D8-336F73A1D7F1}.Debug|Any CPU.Build.0 = Debug|Any CPU
		{C6F5A7F7-6ABA-453F-A5D8-336F73A1D7F1}.Release|Any CPU.ActiveCfg = Release|Any CPU
		{C6F5A7F7-6ABA-453F-A5D8-336F73A1D7F1}.Release|Any CPU.Build.0 = Release|Any CPU
		{4F155625-E957-4097-A4B4-AAD5AACB1E5C}.Debug|Any CPU.ActiveCfg = Debug|Any CPU
		{4F155625-E957-4097-A4B4-AAD5AACB1E5C}.Debug|Any CPU.Build.0 = Debug|Any CPU
		{4F155625-E957-4097-A4B4-AAD5AACB1E5C}.Release|Any CPU.ActiveCfg = Release|Any CPU
		{4F155625-E957-4097-A4B4-AAD5AACB1E5C}.Release|Any CPU.Build.0 = Release|Any CPU
		{6603C200-EA61-416A-B8DA-485C6410B7E2}.Debug|Any CPU.ActiveCfg = Debug|Any CPU
		{6603C200-EA61-416A-B8DA-485C6410B7E2}.Debug|Any CPU.Build.0 = Debug|Any CPU
		{6603C200-EA61-416A-B8DA-485C6410B7E2}.Release|Any CPU.ActiveCfg = Release|Any CPU
		{6603C200-EA61-416A-B8DA-485C6410B7E2}.Release|Any CPU.Build.0 = Release|Any CPU
		{70702624-B2FF-439F-8D8C-CFF41444AAC7}.Debug|Any CPU.ActiveCfg = Debug|Any CPU
		{70702624-B2FF-439F-8D8C-CFF41444AAC7}.Debug|Any CPU.Build.0 = Debug|Any CPU
		{70702624-B2FF-439F-8D8C-CFF41444AAC7}.Release|Any CPU.ActiveCfg = Release|Any CPU
		{70702624-B2FF-439F-8D8C-CFF41444AAC7}.Release|Any CPU.Build.0 = Release|Any CPU
		{13FA1502-73E4-41CB-9BED-A1A81C51C28E}.Debug|Any CPU.ActiveCfg = Debug|Any CPU
		{13FA1502-73E4-41CB-9BED-A1A81C51C28E}.Debug|Any CPU.Build.0 = Debug|Any CPU
		{13FA1502-73E4-41CB-9BED-A1A81C51C28E}.Release|Any CPU.ActiveCfg = Release|Any CPU
		{13FA1502-73E4-41CB-9BED-A1A81C51C28E}.Release|Any CPU.Build.0 = Release|Any CPU
	EndGlobalSection
	GlobalSection(SolutionProperties) = preSolution
		HideSolutionNode = FALSE
	EndGlobalSection
	GlobalSection(ExtensibilityGlobals) = postSolution
		SolutionGuid = {8BB9832C-DADD-4178-A668-530B07AE9803}
	EndGlobalSection
EndGlobal
